
Microsoft Visual Studio Solution File, Format Version 12.00
# Visual Studio Version 17
VisualStudioVersion = 17.8.34309.116
MinimumVisualStudioVersion = 10.0.40219.1
Project("{FAE04EC0-301F-11D3-BF4B-00C04F79EFBC}") = "HashTable", "HashTable.csproj", "{3C7344A7-DFB0-46A9-A0B0-733D5B8A4009}"
EndProject
Global
	GlobalSection(SolutionConfigurationPlatforms) = preSolution
		Debug|Any CPU = Debug|Any CPU
		Release|Any CPU = Release|Any CPU
	EndGlobalSection
	GlobalSection(ProjectConfigurationPlatforms) = postSolution
		{3C7344A7-DFB0-46A9-A0B0-733D5B8A4009}.Debug|Any CPU.ActiveCfg = Debug|Any CPU
		{3C7344A7-DFB0-46A9-A0B0-733D5B8A4009}.Debug|Any CPU.Build.0 = Debug|Any CPU
		{3C7344A7-DFB0-46A9-A0B0-733D5B8A4009}.Release|Any CPU.ActiveCfg = Release|Any CPU
		{3C7344A7-DFB0-46A9-A0B0-733D5B8A4009}.Release|Any CPU.Build.0 = Release|Any CPU
	EndGlobalSection
	GlobalSection(SolutionProperties) = preSolution
		HideSolutionNode = FALSE
	EndGlobalSection
	GlobalSection(ExtensibilityGlobals) = postSolution
		SolutionGuid = {F3990710-F586-49B7-8E17-09CF53D91AA7}
	EndGlobalSection
EndGlobal
